
Microsoft Visual Studio Solution File, Format Version 12.00
# Visual Studio Version 17
VisualStudioVersion = 17.4.33122.133
MinimumVisualStudioVersion = 10.0.40219.1
Project("{FAE04EC0-301F-11D3-BF4B-00C04F79EFBC}") = "datou.com.SocketPro", "datou.com.SocketPro\datou.com.SocketPro.csproj", "{87024D97-67BA-48D0-BB0A-AAFFD9D7F28D}"
EndProject
Global
	GlobalSection(SolutionConfigurationPlatforms) = preSolution
		Debug|Any CPU = Debug|Any CPU
		Release|Any CPU = Release|Any CPU
	EndGlobalSection
	GlobalSection(ProjectConfigurationPlatforms) = postSolution
		{87024D97-67BA-48D0-BB0A-AAFFD9D7F28D}.Debug|Any CPU.ActiveCfg = Debug|Any CPU
		{87024D97-67BA-48D0-BB0A-AAFFD9D7F28D}.Debug|Any CPU.Build.0 = Debug|Any CPU
		{87024D97-67BA-48D0-BB0A-AAFFD9D7F28D}.Release|Any CPU.ActiveCfg = Release|Any CPU
		{87024D97-67BA-48D0-BB0A-AAFFD9D7F28D}.Release|Any CPU.Build.0 = Release|Any CPU
	EndGlobalSection
	GlobalSection(SolutionProperties) = preSolution
		HideSolutionNode = FALSE
	EndGlobalSection
	GlobalSection(ExtensibilityGlobals) = postSolution
		SolutionGuid = {8182302B-6937-4556-AB00-44512268E74F}
	EndGlobalSection
EndGlobal
